
Microsoft Visual Studio Solution File, Format Version 12.00
# Visual Studio Version 16
VisualStudioVersion = 16.0.29318.209
MinimumVisualStudioVersion = 10.0.40219.1
Project("{FAE04EC0-301F-11D3-BF4B-00C04F79EFBC}") = "LoggingBot", "LoggingBot\LoggingBot.csproj", "{F565AED6-A6B7-45E3-B1D7-8238DDD381E7}"
EndProject
Global
	GlobalSection(SolutionConfigurationPlatforms) = preSolution
		Debug|Any CPU = Debug|Any CPU
		Release|Any CPU = Release|Any CPU
	EndGlobalSection
	GlobalSection(ProjectConfigurationPlatforms) = postSolution
		{F565AED6-A6B7-45E3-B1D7-8238DDD381E7}.Debug|Any CPU.ActiveCfg = Debug|Any CPU
		{F565AED6-A6B7-45E3-B1D7-8238DDD381E7}.Debug|Any CPU.Build.0 = Debug|Any CPU
		{F565AED6-A6B7-45E3-B1D7-8238DDD381E7}.Release|Any CPU.ActiveCfg = Release|Any CPU
		{F565AED6-A6B7-45E3-B1D7-8238DDD381E7}.Release|Any CPU.Build.0 = Release|Any CPU
	EndGlobalSection
	GlobalSection(SolutionProperties) = preSolution
		HideSolutionNode = FALSE
	EndGlobalSection
	GlobalSection(ExtensibilityGlobals) = postSolution
		SolutionGuid = {0EFD1ED1-8FAE-483C-AC16-B5B43E2D56B0}
	EndGlobalSection
EndGlobal
